
Microsoft Visual Studio Solution File, Format Version 12.00
# Visual Studio Version 17
VisualStudioVersion = 17.11.35222.181
MinimumVisualStudioVersion = 10.0.40219.1
Project("{9A19103F-16F7-4668-BE54-9A1E7A4F7556}") = "IFoxDYPD", "IFoxDYPD\IFoxDYPD.csproj", "{72A97D22-F54C-4FA8-BDAE-FE886C4EBAEB}"
EndProject
Global
	GlobalSection(SolutionConfigurationPlatforms) = preSolution
		Debug|Any CPU = Debug|Any CPU
		Release|Any CPU = Release|Any CPU
	EndGlobalSection
	GlobalSection(ProjectConfigurationPlatforms) = postSolution
		{72A97D22-F54C-4FA8-BDAE-FE886C4EBAEB}.Debug|Any CPU.ActiveCfg = Debug|Any CPU
		{72A97D22-F54C-4FA8-BDAE-FE886C4EBAEB}.Debug|Any CPU.Build.0 = Debug|Any CPU
		{72A97D22-F54C-4FA8-BDAE-FE886C4EBAEB}.Release|Any CPU.ActiveCfg = Release|Any CPU
		{72A97D22-F54C-4FA8-BDAE-FE886C4EBAEB}.Release|Any CPU.Build.0 = Release|Any CPU
	EndGlobalSection
	GlobalSection(SolutionProperties) = preSolution
		HideSolutionNode = FALSE
	EndGlobalSection
	GlobalSection(ExtensibilityGlobals) = postSolution
		SolutionGuid = {AA524D82-76BB-4098-B59B-D838907EDA73}
	EndGlobalSection
EndGlobal
